
Microsoft Visual Studio Solution File, Format Version 12.00
# Visual Studio Version 17
VisualStudioVersion = 17.10.34928.147
MinimumVisualStudioVersion = 10.0.40219.1
Project("{9A19103F-16F7-4668-BE54-9A1E7A4F7556}") = "Decathlon", "Decathlon\Decathlon.csproj", "{197F1B5F-5B2A-4862-AE17-A723A4FCCB8F}"
EndProject
Project("{FAE04EC0-301F-11D3-BF4B-00C04F79EFBC}") = "TestDecathlon", "TestDecathlon\TestDecathlon.csproj", "{37E9F480-6D53-4232-BA83-3CC3C7E09204}"
	ProjectSection(ProjectDependencies) = postProject
		{197F1B5F-5B2A-4862-AE17-A723A4FCCB8F} = {197F1B5F-5B2A-4862-AE17-A723A4FCCB8F}
	EndProjectSection
EndProject
Global
	GlobalSection(SolutionConfigurationPlatforms) = preSolution
		Debug|Any CPU = Debug|Any CPU
		Release|Any CPU = Release|Any CPU
	EndGlobalSection
	GlobalSection(ProjectConfigurationPlatforms) = postSolution
		{197F1B5F-5B2A-4862-AE17-A723A4FCCB8F}.Debug|Any CPU.ActiveCfg = Debug|Any CPU
		{197F1B5F-5B2A-4862-AE17-A723A4FCCB8F}.Debug|Any CPU.Build.0 = Debug|Any CPU
		{197F1B5F-5B2A-4862-AE17-A723A4FCCB8F}.Release|Any CPU.ActiveCfg = Release|Any CPU
		{197F1B5F-5B2A-4862-AE17-A723A4FCCB8F}.Release|Any CPU.Build.0 = Release|Any CPU
		{37E9F480-6D53-4232-BA83-3CC3C7E09204}.Debug|Any CPU.ActiveCfg = Debug|Any CPU
		{37E9F480-6D53-4232-BA83-3CC3C7E09204}.Debug|Any CPU.Build.0 = Debug|Any CPU
		{37E9F480-6D53-4232-BA83-3CC3C7E09204}.Release|Any CPU.ActiveCfg = Release|Any CPU
		{37E9F480-6D53-4232-BA83-3CC3C7E09204}.Release|Any CPU.Build.0 = Release|Any CPU
	EndGlobalSection
	GlobalSection(SolutionProperties) = preSolution
		HideSolutionNode = FALSE
	EndGlobalSection
	GlobalSection(ExtensibilityGlobals) = postSolution
		SolutionGuid = {8FC82C27-B24D-40F8-90E4-10FE0C291C4D}
	EndGlobalSection
EndGlobal
